// !$*UTF8*$!
{
	archiveVersion = 1;
	classes = {
	};
	objectVersion = 56;
	objects = {

/* Begin PBXBuildFile section */
		2380FB202AB9E6B200B31754 /* AppDelegate.swift in Sources */ = {isa = PBXBuildFile; fileRef = 2380FB1F2AB9E6B200B31754 /* AppDelegate.swift */; };
		2380FB222AB9E6B200B31754 /* SceneDelegate.swift in Sources */ = {isa = PBXBuildFile; fileRef = 2380FB212AB9E6B200B31754 /* SceneDelegate.swift */; };
		2380FB242AB9E6B200B31754 /* MoodViewController.swift in Sources */ = {isa = PBXBuildFile; fileRef = 2380FB232AB9E6B200B31754 /* MoodViewController.swift */; };
		2380FB292AB9E6B400B31754 /* Assets.xcassets in Resources */ = {isa = PBXBuildFile; fileRef = 2380FB282AB9E6B400B31754 /* Assets.xcassets */; };
		2380FB2C2AB9E6B400B31754 /* LaunchScreen.storyboard in Resources */ = {isa = PBXBuildFile; fileRef = 2380FB2A2AB9E6B400B31754 /* LaunchScreen.storyboard */; };
		2391863D2AE027060053A315 /* AnimationButton.swift in Sources */ = {isa = PBXBuildFile; fileRef = 2391863C2AE027060053A315 /* AnimationButton.swift */; };
		239186422AE036760053A315 /* Animation+Enum.swift in Sources */ = {isa = PBXBuildFile; fileRef = 239186412AE036760053A315 /* Animation+Enum.swift */; };
		23BDAD472AD9668B007F5768 /* ChartView.swift in Sources */ = {isa = PBXBuildFile; fileRef = 23BDAD462AD9668B007F5768 /* ChartView.swift */; };
		23BDAD492AD97A12007F5768 /* CapsulePaddingButton.swift in Sources */ = {isa = PBXBuildFile; fileRef = 23BDAD482AD97A12007F5768 /* CapsulePaddingButton.swift */; };
		23BDAD4B2ADA4729007F5768 /* ChartTableViewCell.swift in Sources */ = {isa = PBXBuildFile; fileRef = 23BDAD4A2ADA4728007F5768 /* ChartTableViewCell.swift */; };
		23BDAD502ADA482D007F5768 /* BaseTableViewCell.swift in Sources */ = {isa = PBXBuildFile; fileRef = 23BDAD4F2ADA482D007F5768 /* BaseTableViewCell.swift */; };
		23BDAD522ADA4C3C007F5768 /* ReusableViewProtocol.swift in Sources */ = {isa = PBXBuildFile; fileRef = 23BDAD512ADA4C3C007F5768 /* ReusableViewProtocol.swift */; };
		23BDAD5E2ADD6180007F5768 /* CalendarHeaderView.swift in Sources */ = {isa = PBXBuildFile; fileRef = 23BDAD5D2ADD6180007F5768 /* CalendarHeaderView.swift */; };
		23BDAD602ADD7724007F5768 /* PlaceholderView.swift in Sources */ = {isa = PBXBuildFile; fileRef = 23BDAD5F2ADD7724007F5768 /* PlaceholderView.swift */; };
		23BDAD652ADE5D23007F5768 /* SelectDatePickerViewController.swift in Sources */ = {isa = PBXBuildFile; fileRef = 23BDAD642ADE5D22007F5768 /* SelectDatePickerViewController.swift */; };
		23C6E4302ADFFB6E000EC0BF /* Toast in Frameworks */ = {isa = PBXBuildFile; productRef = 23C6E42F2ADFFB6E000EC0BF /* Toast */; };
		23C798202AE0EB4F00121D6A /* PaddingLabel.swift in Sources */ = {isa = PBXBuildFile; fileRef = 23C7981F2AE0EB4E00121D6A /* PaddingLabel.swift */; };
		23DD9A102AC1640A00D6BBB5 /* Constants.swift in Sources */ = {isa = PBXBuildFile; fileRef = 23DD9A0F2AC1640A00D6BBB5 /* Constants.swift */; };
		23DD9A122AC168B200D6BBB5 /* Color.swift in Sources */ = {isa = PBXBuildFile; fileRef = 23DD9A112AC168B200D6BBB5 /* Color.swift */; };
		23DD9A182AC2E01300D6BBB5 /* Localizable.strings in Resources */ = {isa = PBXBuildFile; fileRef = 23DD9A1A2AC2E01300D6BBB5 /* Localizable.strings */; };
		23DD9A1F2AC2EB6E00D6BBB5 /* BaseView.swift in Sources */ = {isa = PBXBuildFile; fileRef = 23DD9A1E2AC2EB6E00D6BBB5 /* BaseView.swift */; };
		23DD9A212AC2EBDA00D6BBB5 /* MoodView.swift in Sources */ = {isa = PBXBuildFile; fileRef = 23DD9A202AC2EBDA00D6BBB5 /* MoodView.swift */; };
		23DD9A242AC2EC8800D6BBB5 /* SnapKit in Frameworks */ = {isa = PBXBuildFile; productRef = 23DD9A232AC2EC8800D6BBB5 /* SnapKit */; };
		23DD9A262AC2FDD200D6BBB5 /* MoodCollectionViewCell.swift in Sources */ = {isa = PBXBuildFile; fileRef = 23DD9A252AC2FDD200D6BBB5 /* MoodCollectionViewCell.swift */; };
		23DD9A282AC2FFF500D6BBB5 /* BaseCollectionViewCell.swift in Sources */ = {isa = PBXBuildFile; fileRef = 23DD9A272AC2FFF500D6BBB5 /* BaseCollectionViewCell.swift */; };
		23DD9A2C2AC449E700D6BBB5 /* MoodSection+Enum.swift in Sources */ = {isa = PBXBuildFile; fileRef = 23DD9A2B2AC449E700D6BBB5 /* MoodSection+Enum.swift */; };
		23DD9A312AC4721000D6BBB5 /* Realm in Frameworks */ = {isa = PBXBuildFile; productRef = 23DD9A302AC4721000D6BBB5 /* Realm */; };
		23DD9A332AC4721000D6BBB5 /* RealmSwift in Frameworks */ = {isa = PBXBuildFile; productRef = 23DD9A322AC4721000D6BBB5 /* RealmSwift */; };
		23DD9A362AC4724C00D6BBB5 /* Mood.swift in Sources */ = {isa = PBXBuildFile; fileRef = 23DD9A352AC4724C00D6BBB5 /* Mood.swift */; };
		23DD9A392AC52C7600D6BBB5 /* AddViewController.swift in Sources */ = {isa = PBXBuildFile; fileRef = 23DD9A382AC52C7600D6BBB5 /* AddViewController.swift */; };
		23DD9A3B2AC52CB200D6BBB5 /* BaseViewController.swift in Sources */ = {isa = PBXBuildFile; fileRef = 23DD9A3A2AC52CB200D6BBB5 /* BaseViewController.swift */; };
		23DD9A3D2AC54A1400D6BBB5 /* AddView.swift in Sources */ = {isa = PBXBuildFile; fileRef = 23DD9A3C2AC54A1300D6BBB5 /* AddView.swift */; };
		23DD9A3F2AC5A5D300D6BBB5 /* UIViewController+Extension.swift in Sources */ = {isa = PBXBuildFile; fileRef = 23DD9A3E2AC5A5D300D6BBB5 /* UIViewController+Extension.swift */; };
		23DD9A472AC6A87800D6BBB5 /* NanumSquareNeoOTF-Rg.otf in Resources */ = {isa = PBXBuildFile; fileRef = 23DD9A452AC6A87700D6BBB5 /* NanumSquareNeoOTF-Rg.otf */; };
		23DD9A492AC6AC1500D6BBB5 /* NanumSquareNeoOTF-Bd.otf in Resources */ = {isa = PBXBuildFile; fileRef = 23DD9A482AC6AC1500D6BBB5 /* NanumSquareNeoOTF-Bd.otf */; };
		23DD9A4B2AC6AEE100D6BBB5 /* NanumSquareNeoOTF-Eb.otf in Resources */ = {isa = PBXBuildFile; fileRef = 23DD9A4A2AC6AEE100D6BBB5 /* NanumSquareNeoOTF-Eb.otf */; };
		23DD9A4E2AC6B33D00D6BBB5 /* PickMoodViewController.swift in Sources */ = {isa = PBXBuildFile; fileRef = 23DD9A4D2AC6B33D00D6BBB5 /* PickMoodViewController.swift */; };
		23DD9A502AC6B81400D6BBB5 /* PickMoodCollectionViewCell.swift in Sources */ = {isa = PBXBuildFile; fileRef = 23DD9A4F2AC6B81400D6BBB5 /* PickMoodCollectionViewCell.swift */; };
		23DD9A522AC6C10100D6BBB5 /* PickMoodView.swift in Sources */ = {isa = PBXBuildFile; fileRef = 23DD9A512AC6C10100D6BBB5 /* PickMoodView.swift */; };
		23DD9A542AC6C87700D6BBB5 /* MoodEmojis+Enum.swift in Sources */ = {isa = PBXBuildFile; fileRef = 23DD9A532AC6C87700D6BBB5 /* MoodEmojis+Enum.swift */; };
		23DD9A592AC7F6AE00D6BBB5 /* DateFormatType+Enum.swift in Sources */ = {isa = PBXBuildFile; fileRef = 23DD9A582AC7F6AE00D6BBB5 /* DateFormatType+Enum.swift */; };
		23DD9A5B2AC7F85B00D6BBB5 /* Date+Extension.swift in Sources */ = {isa = PBXBuildFile; fileRef = 23DD9A5A2AC7F85B00D6BBB5 /* Date+Extension.swift */; };
		23DD9A5D2ACA80C900D6BBB5 /* MoodRepository.swift in Sources */ = {isa = PBXBuildFile; fileRef = 23DD9A5C2ACA80C900D6BBB5 /* MoodRepository.swift */; };
		23DD9A942ACECADA00D6BBB5 /* MoodViewModel.swift in Sources */ = {isa = PBXBuildFile; fileRef = 23DD9A932ACECADA00D6BBB5 /* MoodViewModel.swift */; };
		23DD9A962ACECB1900D6BBB5 /* Observable.swift in Sources */ = {isa = PBXBuildFile; fileRef = 23DD9A952ACECB1900D6BBB5 /* Observable.swift */; };
		23DD9A992AD160EC00D6BBB5 /* CalendarViewController.swift in Sources */ = {isa = PBXBuildFile; fileRef = 23DD9A982AD160EC00D6BBB5 /* CalendarViewController.swift */; };
		23DD9A9D2AD1882200D6BBB5 /* IconImage.swift in Sources */ = {isa = PBXBuildFile; fileRef = 23DD9A9C2AD1882100D6BBB5 /* IconImage.swift */; };
		23DD9AA02AD18CB000D6BBB5 /* FSCalendar in Frameworks */ = {isa = PBXBuildFile; productRef = 23DD9A9F2AD18CB000D6BBB5 /* FSCalendar */; };
		23DD9AA42AD308E300D6BBB5 /* FSCalendarCustomCell.swift in Sources */ = {isa = PBXBuildFile; fileRef = 23DD9AA32AD308E300D6BBB5 /* FSCalendarCustomCell.swift */; };
		23DD9AA82AD3FC5300D6BBB5 /* BasicFSCalendar.swift in Sources */ = {isa = PBXBuildFile; fileRef = 23DD9AA72AD3FC5300D6BBB5 /* BasicFSCalendar.swift */; };
		23DD9AAF2AD59EA500D6BBB5 /* LaunchScreen.png in Resources */ = {isa = PBXBuildFile; fileRef = 23DD9AAE2AD59EA400D6BBB5 /* LaunchScreen.png */; };
		23DD9AB42AD5B0C600D6BBB5 /* SettingViewController.swift in Sources */ = {isa = PBXBuildFile; fileRef = 23DD9AB32AD5B0C600D6BBB5 /* SettingViewController.swift */; };
		23E7665B2AD819B3008AC3A4 /* ChartViewController.swift in Sources */ = {isa = PBXBuildFile; fileRef = 23E7665A2AD819B3008AC3A4 /* ChartViewController.swift */; };
		23E7665D2AD819ED008AC3A4 /* TabBarController.swift in Sources */ = {isa = PBXBuildFile; fileRef = 23E7665C2AD819ED008AC3A4 /* TabBarController.swift */; };
		23E766612AD81F58008AC3A4 /* DGCharts in Frameworks */ = {isa = PBXBuildFile; productRef = 23E766602AD81F58008AC3A4 /* DGCharts */; };
/* End PBXBuildFile section */

/* Begin PBXFileReference section */
		2380FB1C2AB9E6B100B31754 /* GoorumMode.app */ = {isa = PBXFileReference; explicitFileType = wrapper.application; includeInIndex = 0; path = GoorumMode.app; sourceTree = BUILT_PRODUCTS_DIR; };
		2380FB1F2AB9E6B200B31754 /* AppDelegate.swift */ = {isa = PBXFileReference; lastKnownFileType = sourcecode.swift; path = AppDelegate.swift; sourceTree = "<group>"; };
		2380FB212AB9E6B200B31754 /* SceneDelegate.swift */ = {isa = PBXFileReference; lastKnownFileType = sourcecode.swift; path = SceneDelegate.swift; sourceTree = "<group>"; };
		2380FB232AB9E6B200B31754 /* MoodViewController.swift */ = {isa = PBXFileReference; lastKnownFileType = sourcecode.swift; path = MoodViewController.swift; sourceTree = "<group>"; };
		2380FB282AB9E6B400B31754 /* Assets.xcassets */ = {isa = PBXFileReference; lastKnownFileType = folder.assetcatalog; path = Assets.xcassets; sourceTree = "<group>"; };
		2380FB2B2AB9E6B400B31754 /* Base */ = {isa = PBXFileReference; lastKnownFileType = file.storyboard; name = Base; path = Base.lproj/LaunchScreen.storyboard; sourceTree = "<group>"; };
		2380FB2D2AB9E6B400B31754 /* Info.plist */ = {isa = PBXFileReference; lastKnownFileType = text.plist.xml; path = Info.plist; sourceTree = "<group>"; };
		2391863C2AE027060053A315 /* AnimationButton.swift */ = {isa = PBXFileReference; lastKnownFileType = sourcecode.swift; path = AnimationButton.swift; sourceTree = "<group>"; };
		239186412AE036760053A315 /* Animation+Enum.swift */ = {isa = PBXFileReference; lastKnownFileType = sourcecode.swift; path = "Animation+Enum.swift"; sourceTree = "<group>"; };
		23BDAD462AD9668B007F5768 /* ChartView.swift */ = {isa = PBXFileReference; lastKnownFileType = sourcecode.swift; name = ChartView.swift; path = GoorumMode/Scene/Calendar/ChartView.swift; sourceTree = SOURCE_ROOT; };
		23BDAD482AD97A12007F5768 /* CapsulePaddingButton.swift */ = {isa = PBXFileReference; lastKnownFileType = sourcecode.swift; path = CapsulePaddingButton.swift; sourceTree = "<group>"; };
		23BDAD4A2ADA4728007F5768 /* ChartTableViewCell.swift */ = {isa = PBXFileReference; lastKnownFileType = sourcecode.swift; path = ChartTableViewCell.swift; sourceTree = "<group>"; };
		23BDAD4F2ADA482D007F5768 /* BaseTableViewCell.swift */ = {isa = PBXFileReference; lastKnownFileType = sourcecode.swift; path = BaseTableViewCell.swift; sourceTree = "<group>"; };
		23BDAD512ADA4C3C007F5768 /* ReusableViewProtocol.swift */ = {isa = PBXFileReference; lastKnownFileType = sourcecode.swift; path = ReusableViewProtocol.swift; sourceTree = "<group>"; };
		23BDAD5D2ADD6180007F5768 /* CalendarHeaderView.swift */ = {isa = PBXFileReference; lastKnownFileType = sourcecode.swift; path = CalendarHeaderView.swift; sourceTree = "<group>"; };
		23BDAD5F2ADD7724007F5768 /* PlaceholderView.swift */ = {isa = PBXFileReference; lastKnownFileType = sourcecode.swift; path = PlaceholderView.swift; sourceTree = "<group>"; };
		23BDAD642ADE5D22007F5768 /* SelectDatePickerViewController.swift */ = {isa = PBXFileReference; lastKnownFileType = sourcecode.swift; path = SelectDatePickerViewController.swift; sourceTree = "<group>"; };
		23C7981F2AE0EB4E00121D6A /* PaddingLabel.swift */ = {isa = PBXFileReference; lastKnownFileType = sourcecode.swift; path = PaddingLabel.swift; sourceTree = "<group>"; };
		23DD9A0F2AC1640A00D6BBB5 /* Constants.swift */ = {isa = PBXFileReference; lastKnownFileType = sourcecode.swift; path = Constants.swift; sourceTree = "<group>"; };
		23DD9A112AC168B200D6BBB5 /* Color.swift */ = {isa = PBXFileReference; lastKnownFileType = sourcecode.swift; path = Color.swift; sourceTree = "<group>"; };
		23DD9A152AC2DFB600D6BBB5 /* ko */ = {isa = PBXFileReference; lastKnownFileType = text.plist.strings; name = ko; path = ko.lproj/LaunchScreen.strings; sourceTree = "<group>"; };
		23DD9A192AC2E01300D6BBB5 /* en */ = {isa = PBXFileReference; lastKnownFileType = text.plist.strings; name = en; path = en.lproj/Localizable.strings; sourceTree = "<group>"; };
		23DD9A1B2AC2E01600D6BBB5 /* ko */ = {isa = PBXFileReference; lastKnownFileType = text.plist.strings; name = ko; path = ko.lproj/Localizable.strings; sourceTree = "<group>"; };
		23DD9A1E2AC2EB6E00D6BBB5 /* BaseView.swift */ = {isa = PBXFileReference; lastKnownFileType = sourcecode.swift; path = BaseView.swift; sourceTree = "<group>"; };
		23DD9A202AC2EBDA00D6BBB5 /* MoodView.swift */ = {isa = PBXFileReference; lastKnownFileType = sourcecode.swift; path = MoodView.swift; sourceTree = "<group>"; };
		23DD9A252AC2FDD200D6BBB5 /* MoodCollectionViewCell.swift */ = {isa = PBXFileReference; lastKnownFileType = sourcecode.swift; path = MoodCollectionViewCell.swift; sourceTree = "<group>"; };
		23DD9A272AC2FFF500D6BBB5 /* BaseCollectionViewCell.swift */ = {isa = PBXFileReference; lastKnownFileType = sourcecode.swift; path = BaseCollectionViewCell.swift; sourceTree = "<group>"; };
		23DD9A2B2AC449E700D6BBB5 /* MoodSection+Enum.swift */ = {isa = PBXFileReference; lastKnownFileType = sourcecode.swift; path = "MoodSection+Enum.swift"; sourceTree = "<group>"; };
		23DD9A352AC4724C00D6BBB5 /* Mood.swift */ = {isa = PBXFileReference; lastKnownFileType = sourcecode.swift; path = Mood.swift; sourceTree = "<group>"; };
		23DD9A382AC52C7600D6BBB5 /* AddViewController.swift */ = {isa = PBXFileReference; lastKnownFileType = sourcecode.swift; path = AddViewController.swift; sourceTree = "<group>"; };
		23DD9A3A2AC52CB200D6BBB5 /* BaseViewController.swift */ = {isa = PBXFileReference; lastKnownFileType = sourcecode.swift; path = BaseViewController.swift; sourceTree = "<group>"; };
		23DD9A3C2AC54A1300D6BBB5 /* AddView.swift */ = {isa = PBXFileReference; lastKnownFileType = sourcecode.swift; path = AddView.swift; sourceTree = "<group>"; };
		23DD9A3E2AC5A5D300D6BBB5 /* UIViewController+Extension.swift */ = {isa = PBXFileReference; lastKnownFileType = sourcecode.swift; path = "UIViewController+Extension.swift"; sourceTree = "<group>"; };
		23DD9A452AC6A87700D6BBB5 /* NanumSquareNeoOTF-Rg.otf */ = {isa = PBXFileReference; lastKnownFileType = file; path = "NanumSquareNeoOTF-Rg.otf"; sourceTree = "<group>"; };
		23DD9A482AC6AC1500D6BBB5 /* NanumSquareNeoOTF-Bd.otf */ = {isa = PBXFileReference; lastKnownFileType = file; path = "NanumSquareNeoOTF-Bd.otf"; sourceTree = "<group>"; };
		23DD9A4A2AC6AEE100D6BBB5 /* NanumSquareNeoOTF-Eb.otf */ = {isa = PBXFileReference; lastKnownFileType = file; path = "NanumSquareNeoOTF-Eb.otf"; sourceTree = "<group>"; };
		23DD9A4D2AC6B33D00D6BBB5 /* PickMoodViewController.swift */ = {isa = PBXFileReference; lastKnownFileType = sourcecode.swift; path = PickMoodViewController.swift; sourceTree = "<group>"; };
		23DD9A4F2AC6B81400D6BBB5 /* PickMoodCollectionViewCell.swift */ = {isa = PBXFileReference; lastKnownFileType = sourcecode.swift; path = PickMoodCollectionViewCell.swift; sourceTree = "<group>"; };
		23DD9A512AC6C10100D6BBB5 /* PickMoodView.swift */ = {isa = PBXFileReference; lastKnownFileType = sourcecode.swift; path = PickMoodView.swift; sourceTree = "<group>"; };
		23DD9A532AC6C87700D6BBB5 /* MoodEmojis+Enum.swift */ = {isa = PBXFileReference; lastKnownFileType = sourcecode.swift; path = "MoodEmojis+Enum.swift"; sourceTree = "<group>"; };
		23DD9A582AC7F6AE00D6BBB5 /* DateFormatType+Enum.swift */ = {isa = PBXFileReference; lastKnownFileType = sourcecode.swift; path = "DateFormatType+Enum.swift"; sourceTree = "<group>"; };
		23DD9A5A2AC7F85B00D6BBB5 /* Date+Extension.swift */ = {isa = PBXFileReference; lastKnownFileType = sourcecode.swift; path = "Date+Extension.swift"; sourceTree = "<group>"; };
		23DD9A5C2ACA80C900D6BBB5 /* MoodRepository.swift */ = {isa = PBXFileReference; lastKnownFileType = sourcecode.swift; path = MoodRepository.swift; sourceTree = "<group>"; };
		23DD9A932ACECADA00D6BBB5 /* MoodViewModel.swift */ = {isa = PBXFileReference; lastKnownFileType = sourcecode.swift; path = MoodViewModel.swift; sourceTree = "<group>"; };
		23DD9A952ACECB1900D6BBB5 /* Observable.swift */ = {isa = PBXFileReference; lastKnownFileType = sourcecode.swift; path = Observable.swift; sourceTree = "<group>"; };
		23DD9A982AD160EC00D6BBB5 /* CalendarViewController.swift */ = {isa = PBXFileReference; lastKnownFileType = sourcecode.swift; path = CalendarViewController.swift; sourceTree = "<group>"; };
		23DD9A9C2AD1882100D6BBB5 /* IconImage.swift */ = {isa = PBXFileReference; lastKnownFileType = sourcecode.swift; path = IconImage.swift; sourceTree = "<group>"; };
		23DD9AA32AD308E300D6BBB5 /* FSCalendarCustomCell.swift */ = {isa = PBXFileReference; lastKnownFileType = sourcecode.swift; path = FSCalendarCustomCell.swift; sourceTree = "<group>"; };
		23DD9AA72AD3FC5300D6BBB5 /* BasicFSCalendar.swift */ = {isa = PBXFileReference; lastKnownFileType = sourcecode.swift; path = BasicFSCalendar.swift; sourceTree = "<group>"; };
		23DD9AAE2AD59EA400D6BBB5 /* LaunchScreen.png */ = {isa = PBXFileReference; lastKnownFileType = image.png; path = LaunchScreen.png; sourceTree = "<group>"; };
		23DD9AB32AD5B0C600D6BBB5 /* SettingViewController.swift */ = {isa = PBXFileReference; lastKnownFileType = sourcecode.swift; path = SettingViewController.swift; sourceTree = "<group>"; };
		23E7665A2AD819B3008AC3A4 /* ChartViewController.swift */ = {isa = PBXFileReference; lastKnownFileType = sourcecode.swift; path = ChartViewController.swift; sourceTree = "<group>"; };
		23E7665C2AD819ED008AC3A4 /* TabBarController.swift */ = {isa = PBXFileReference; lastKnownFileType = sourcecode.swift; path = TabBarController.swift; sourceTree = "<group>"; };
/* End PBXFileReference section */

/* Begin PBXFrameworksBuildPhase section */
		2380FB192AB9E6B100B31754 /* Frameworks */ = {
			isa = PBXFrameworksBuildPhase;
			buildActionMask = 2147483647;
			files = (
				23C6E4302ADFFB6E000EC0BF /* Toast in Frameworks */,
				23DD9A332AC4721000D6BBB5 /* RealmSwift in Frameworks */,
				23DD9AA02AD18CB000D6BBB5 /* FSCalendar in Frameworks */,
				23E766612AD81F58008AC3A4 /* DGCharts in Frameworks */,
				23DD9A312AC4721000D6BBB5 /* Realm in Frameworks */,
				23DD9A242AC2EC8800D6BBB5 /* SnapKit in Frameworks */,
			);
			runOnlyForDeploymentPostprocessing = 0;
		};
/* End PBXFrameworksBuildPhase section */

/* Begin PBXGroup section */
		2380FB132AB9E6B100B31754 = {
			isa = PBXGroup;
			children = (
				2380FB1E2AB9E6B200B31754 /* GoorumMode */,
				2380FB1D2AB9E6B100B31754 /* Products */,
			);
			sourceTree = "<group>";
		};
		2380FB1D2AB9E6B100B31754 /* Products */ = {
			isa = PBXGroup;
			children = (
				2380FB1C2AB9E6B100B31754 /* GoorumMode.app */,
			);
			name = Products;
			sourceTree = "<group>";
		};
		2380FB1E2AB9E6B200B31754 /* GoorumMode */ = {
			isa = PBXGroup;
			children = (
				2380FB1F2AB9E6B200B31754 /* AppDelegate.swift */,
				2380FB212AB9E6B200B31754 /* SceneDelegate.swift */,
				23DD9A0E2AC15E3900D6BBB5 /* Utility */,
				23DD9A432AC6A7C500D6BBB5 /* Font */,
				23DD9A342AC4723800D6BBB5 /* Realm */,
				23DD9AA92AD3FF8300D6BBB5 /* CustomView */,
				23DD9A1C2AC2EB1F00D6BBB5 /* Scene */,
				2380FB282AB9E6B400B31754 /* Assets.xcassets */,
				23DD9AAE2AD59EA400D6BBB5 /* LaunchScreen.png */,
				2380FB2A2AB9E6B400B31754 /* LaunchScreen.storyboard */,
				2380FB2D2AB9E6B400B31754 /* Info.plist */,
				23DD9A1A2AC2E01300D6BBB5 /* Localizable.strings */,
			);
			path = GoorumMode;
			sourceTree = "<group>";
		};
		23DD9A0E2AC15E3900D6BBB5 /* Utility */ = {
			isa = PBXGroup;
			children = (
				23DD9A0F2AC1640A00D6BBB5 /* Constants.swift */,
				23DD9A112AC168B200D6BBB5 /* Color.swift */,
				23DD9A9C2AD1882100D6BBB5 /* IconImage.swift */,
				23DD9A2B2AC449E700D6BBB5 /* MoodSection+Enum.swift */,
				23DD9A532AC6C87700D6BBB5 /* MoodEmojis+Enum.swift */,
				23DD9A582AC7F6AE00D6BBB5 /* DateFormatType+Enum.swift */,
				23DD9A5A2AC7F85B00D6BBB5 /* Date+Extension.swift */,
				23DD9A3E2AC5A5D300D6BBB5 /* UIViewController+Extension.swift */,
				23BDAD512ADA4C3C007F5768 /* ReusableViewProtocol.swift */,
				239186412AE036760053A315 /* Animation+Enum.swift */,
			);
			path = Utility;
			sourceTree = "<group>";
		};
		23DD9A1C2AC2EB1F00D6BBB5 /* Scene */ = {
			isa = PBXGroup;
			children = (
				23DD9A1D2AC2EB3A00D6BBB5 /* Base */,
				23DD9A2D2AC44A9C00D6BBB5 /* Mood */,
				23DD9A372AC52C2C00D6BBB5 /* Add and Modify */,
				23DD9A4C2AC6B2A900D6BBB5 /* PickMood */,
				23DD9A972AD1609C00D6BBB5 /* Calendar */,
				23BDAD642ADE5D22007F5768 /* SelectDatePickerViewController.swift */,
				23DD9AB32AD5B0C600D6BBB5 /* SettingViewController.swift */,
				23E7665E2AD81DFE008AC3A4 /* Chart */,
				23DD9A2E2AC44AAE00D6BBB5 /* Cells */,
			);
			path = Scene;
			sourceTree = "<group>";
		};
		23DD9A1D2AC2EB3A00D6BBB5 /* Base */ = {
			isa = PBXGroup;
			children = (
				23DD9A3A2AC52CB200D6BBB5 /* BaseViewController.swift */,
				23DD9A1E2AC2EB6E00D6BBB5 /* BaseView.swift */,
				23DD9A272AC2FFF500D6BBB5 /* BaseCollectionViewCell.swift */,
				23BDAD4F2ADA482D007F5768 /* BaseTableViewCell.swift */,
				23E7665C2AD819ED008AC3A4 /* TabBarController.swift */,
				23DD9A952ACECB1900D6BBB5 /* Observable.swift */,
			);
			path = Base;
			sourceTree = "<group>";
		};
		23DD9A2D2AC44A9C00D6BBB5 /* Mood */ = {
			isa = PBXGroup;
			children = (
				2380FB232AB9E6B200B31754 /* MoodViewController.swift */,
				23DD9A202AC2EBDA00D6BBB5 /* MoodView.swift */,
				23DD9A932ACECADA00D6BBB5 /* MoodViewModel.swift */,
			);
			path = Mood;
			sourceTree = "<group>";
		};
		23DD9A2E2AC44AAE00D6BBB5 /* Cells */ = {
			isa = PBXGroup;
			children = (
				23DD9A252AC2FDD200D6BBB5 /* MoodCollectionViewCell.swift */,
				23DD9A4F2AC6B81400D6BBB5 /* PickMoodCollectionViewCell.swift */,
				23DD9AA32AD308E300D6BBB5 /* FSCalendarCustomCell.swift */,
				23BDAD4A2ADA4728007F5768 /* ChartTableViewCell.swift */,
			);
			path = Cells;
			sourceTree = "<group>";
		};
		23DD9A342AC4723800D6BBB5 /* Realm */ = {
			isa = PBXGroup;
			children = (
				23DD9A352AC4724C00D6BBB5 /* Mood.swift */,
				23DD9A5C2ACA80C900D6BBB5 /* MoodRepository.swift */,
			);
			path = Realm;
			sourceTree = "<group>";
		};
		23DD9A372AC52C2C00D6BBB5 /* Add and Modify */ = {
			isa = PBXGroup;
			children = (
				23DD9A382AC52C7600D6BBB5 /* AddViewController.swift */,
				23DD9A3C2AC54A1300D6BBB5 /* AddView.swift */,
			);
			path = "Add and Modify";
			sourceTree = "<group>";
		};
		23DD9A432AC6A7C500D6BBB5 /* Font */ = {
			isa = PBXGroup;
			children = (
				23DD9A452AC6A87700D6BBB5 /* NanumSquareNeoOTF-Rg.otf */,
				23DD9A482AC6AC1500D6BBB5 /* NanumSquareNeoOTF-Bd.otf */,
				23DD9A4A2AC6AEE100D6BBB5 /* NanumSquareNeoOTF-Eb.otf */,
			);
			path = Font;
			sourceTree = "<group>";
		};
		23DD9A4C2AC6B2A900D6BBB5 /* PickMood */ = {
			isa = PBXGroup;
			children = (
				23DD9A4D2AC6B33D00D6BBB5 /* PickMoodViewController.swift */,
				23DD9A512AC6C10100D6BBB5 /* PickMoodView.swift */,
			);
			path = PickMood;
			sourceTree = "<group>";
		};
		23DD9A972AD1609C00D6BBB5 /* Calendar */ = {
			isa = PBXGroup;
			children = (
				23DD9A982AD160EC00D6BBB5 /* CalendarViewController.swift */,
			);
			path = Calendar;
			sourceTree = "<group>";
		};
		23DD9AA92AD3FF8300D6BBB5 /* CustomView */ = {
			isa = PBXGroup;
			children = (
				23DD9AA72AD3FC5300D6BBB5 /* BasicFSCalendar.swift */,
				23BDAD482AD97A12007F5768 /* CapsulePaddingButton.swift */,
				23BDAD5D2ADD6180007F5768 /* CalendarHeaderView.swift */,
				23BDAD5F2ADD7724007F5768 /* PlaceholderView.swift */,
				2391863C2AE027060053A315 /* AnimationButton.swift */,
				23C7981F2AE0EB4E00121D6A /* PaddingLabel.swift */,
			);
			path = CustomView;
			sourceTree = "<group>";
		};
		23E7665E2AD81DFE008AC3A4 /* Chart */ = {
			isa = PBXGroup;
			children = (
				23BDAD462AD9668B007F5768 /* ChartView.swift */,
				23E7665A2AD819B3008AC3A4 /* ChartViewController.swift */,
			);
			path = Chart;
			sourceTree = "<group>";
		};
/* End PBXGroup section */

/* Begin PBXNativeTarget section */
		2380FB1B2AB9E6B100B31754 /* GoorumMode */ = {
			isa = PBXNativeTarget;
			buildConfigurationList = 2380FB302AB9E6B400B31754 /* Build configuration list for PBXNativeTarget "GoorumMode" */;
			buildPhases = (
				2380FB182AB9E6B100B31754 /* Sources */,
				2380FB192AB9E6B100B31754 /* Frameworks */,
				2380FB1A2AB9E6B100B31754 /* Resources */,
			);
			buildRules = (
			);
			dependencies = (
			);
			name = GoorumMode;
			packageProductDependencies = (
				23DD9A232AC2EC8800D6BBB5 /* SnapKit */,
				23DD9A302AC4721000D6BBB5 /* Realm */,
				23DD9A322AC4721000D6BBB5 /* RealmSwift */,
				23DD9A9F2AD18CB000D6BBB5 /* FSCalendar */,
				23E766602AD81F58008AC3A4 /* DGCharts */,
				23C6E42F2ADFFB6E000EC0BF /* Toast */,
			);
			productName = GoorumMode;
			productReference = 2380FB1C2AB9E6B100B31754 /* GoorumMode.app */;
			productType = "com.apple.product-type.application";
		};
/* End PBXNativeTarget section */

/* Begin PBXProject section */
		2380FB142AB9E6B100B31754 /* Project object */ = {
			isa = PBXProject;
			attributes = {
				BuildIndependentTargetsInParallel = 1;
				LastSwiftUpdateCheck = 1430;
				LastUpgradeCheck = 1430;
				TargetAttributes = {
					2380FB1B2AB9E6B100B31754 = {
						CreatedOnToolsVersion = 14.3.1;
					};
				};
			};
			buildConfigurationList = 2380FB172AB9E6B100B31754 /* Build configuration list for PBXProject "GoorumMode" */;
			compatibilityVersion = "Xcode 14.0";
			developmentRegion = en;
			hasScannedForEncodings = 0;
			knownRegions = (
				en,
				Base,
				ko,
			);
			mainGroup = 2380FB132AB9E6B100B31754;
			packageReferences = (
				23DD9A222AC2EC8800D6BBB5 /* XCRemoteSwiftPackageReference "SnapKit" */,
				23DD9A2F2AC4721000D6BBB5 /* XCRemoteSwiftPackageReference "realm-swift" */,
				23DD9A9E2AD18CB000D6BBB5 /* XCRemoteSwiftPackageReference "FSCalendar" */,
				23E7665F2AD81F58008AC3A4 /* XCRemoteSwiftPackageReference "Charts" */,
				23C6E42E2ADFFB6E000EC0BF /* XCRemoteSwiftPackageReference "Toast-Swift" */,
			);
			productRefGroup = 2380FB1D2AB9E6B100B31754 /* Products */;
			projectDirPath = "";
			projectRoot = "";
			targets = (
				2380FB1B2AB9E6B100B31754 /* GoorumMode */,
			);
		};
/* End PBXProject section */

/* Begin PBXResourcesBuildPhase section */
		2380FB1A2AB9E6B100B31754 /* Resources */ = {
			isa = PBXResourcesBuildPhase;
			buildActionMask = 2147483647;
			files = (
				23DD9A4B2AC6AEE100D6BBB5 /* NanumSquareNeoOTF-Eb.otf in Resources */,
				2380FB2C2AB9E6B400B31754 /* LaunchScreen.storyboard in Resources */,
				23DD9A182AC2E01300D6BBB5 /* Localizable.strings in Resources */,
				2380FB292AB9E6B400B31754 /* Assets.xcassets in Resources */,
				23DD9AAF2AD59EA500D6BBB5 /* LaunchScreen.png in Resources */,
				23DD9A492AC6AC1500D6BBB5 /* NanumSquareNeoOTF-Bd.otf in Resources */,
				23DD9A472AC6A87800D6BBB5 /* NanumSquareNeoOTF-Rg.otf in Resources */,
			);
			runOnlyForDeploymentPostprocessing = 0;
		};
/* End PBXResourcesBuildPhase section */

/* Begin PBXSourcesBuildPhase section */
		2380FB182AB9E6B100B31754 /* Sources */ = {
			isa = PBXSourcesBuildPhase;
			buildActionMask = 2147483647;
			files = (
				23DD9AA82AD3FC5300D6BBB5 /* BasicFSCalendar.swift in Sources */,
				23E7665D2AD819ED008AC3A4 /* TabBarController.swift in Sources */,
				23DD9A3F2AC5A5D300D6BBB5 /* UIViewController+Extension.swift in Sources */,
				23E7665B2AD819B3008AC3A4 /* ChartViewController.swift in Sources */,
				2391863D2AE027060053A315 /* AnimationButton.swift in Sources */,
				23BDAD502ADA482D007F5768 /* BaseTableViewCell.swift in Sources */,
				23DD9A942ACECADA00D6BBB5 /* MoodViewModel.swift in Sources */,
				23DD9A5B2AC7F85B00D6BBB5 /* Date+Extension.swift in Sources */,
				23DD9AA42AD308E300D6BBB5 /* FSCalendarCustomCell.swift in Sources */,
				2380FB242AB9E6B200B31754 /* MoodViewController.swift in Sources */,
				23DD9A3D2AC54A1400D6BBB5 /* AddView.swift in Sources */,
				2380FB202AB9E6B200B31754 /* AppDelegate.swift in Sources */,
				23DD9A542AC6C87700D6BBB5 /* MoodEmojis+Enum.swift in Sources */,
				23DD9A992AD160EC00D6BBB5 /* CalendarViewController.swift in Sources */,
				23DD9A9D2AD1882200D6BBB5 /* IconImage.swift in Sources */,
				23DD9A282AC2FFF500D6BBB5 /* BaseCollectionViewCell.swift in Sources */,
				23DD9A362AC4724C00D6BBB5 /* Mood.swift in Sources */,
				23DD9A3B2AC52CB200D6BBB5 /* BaseViewController.swift in Sources */,
				23DD9A962ACECB1900D6BBB5 /* Observable.swift in Sources */,
				2380FB222AB9E6B200B31754 /* SceneDelegate.swift in Sources */,
				23BDAD4B2ADA4729007F5768 /* ChartTableViewCell.swift in Sources */,
				23DD9A122AC168B200D6BBB5 /* Color.swift in Sources */,
				23BDAD5E2ADD6180007F5768 /* CalendarHeaderView.swift in Sources */,
				23BDAD652ADE5D23007F5768 /* SelectDatePickerViewController.swift in Sources */,
				23BDAD522ADA4C3C007F5768 /* ReusableViewProtocol.swift in Sources */,
				23DD9A502AC6B81400D6BBB5 /* PickMoodCollectionViewCell.swift in Sources */,
				23DD9A102AC1640A00D6BBB5 /* Constants.swift in Sources */,
				23BDAD602ADD7724007F5768 /* PlaceholderView.swift in Sources */,
				23DD9A4E2AC6B33D00D6BBB5 /* PickMoodViewController.swift in Sources */,
				23DD9A262AC2FDD200D6BBB5 /* MoodCollectionViewCell.swift in Sources */,
				23DD9A2C2AC449E700D6BBB5 /* MoodSection+Enum.swift in Sources */,
				23DD9A212AC2EBDA00D6BBB5 /* MoodView.swift in Sources */,
				23DD9A522AC6C10100D6BBB5 /* PickMoodView.swift in Sources */,
				23DD9AB42AD5B0C600D6BBB5 /* SettingViewController.swift in Sources */,
				23DD9A5D2ACA80C900D6BBB5 /* MoodRepository.swift in Sources */,
				23BDAD492AD97A12007F5768 /* CapsulePaddingButton.swift in Sources */,
				23C798202AE0EB4F00121D6A /* PaddingLabel.swift in Sources */,
				23BDAD472AD9668B007F5768 /* ChartView.swift in Sources */,
				23DD9A592AC7F6AE00D6BBB5 /* DateFormatType+Enum.swift in Sources */,
				23DD9A392AC52C7600D6BBB5 /* AddViewController.swift in Sources */,
				239186422AE036760053A315 /* Animation+Enum.swift in Sources */,
				23DD9A1F2AC2EB6E00D6BBB5 /* BaseView.swift in Sources */,
			);
			runOnlyForDeploymentPostprocessing = 0;
		};
/* End PBXSourcesBuildPhase section */

/* Begin PBXVariantGroup section */
		2380FB2A2AB9E6B400B31754 /* LaunchScreen.storyboard */ = {
			isa = PBXVariantGroup;
			children = (
				2380FB2B2AB9E6B400B31754 /* Base */,
				23DD9A152AC2DFB600D6BBB5 /* ko */,
			);
			name = LaunchScreen.storyboard;
			sourceTree = "<group>";
		};
		23DD9A1A2AC2E01300D6BBB5 /* Localizable.strings */ = {
			isa = PBXVariantGroup;
			children = (
				23DD9A192AC2E01300D6BBB5 /* en */,
				23DD9A1B2AC2E01600D6BBB5 /* ko */,
			);
			name = Localizable.strings;
			sourceTree = "<group>";
		};
/* End PBXVariantGroup section */

/* Begin XCBuildConfiguration section */
		2380FB2E2AB9E6B400B31754 /* Debug */ = {
			isa = XCBuildConfiguration;
			buildSettings = {
				ALWAYS_SEARCH_USER_PATHS = NO;
				CLANG_ANALYZER_LOCALIZABILITY_NONLOCALIZED = YES;
				CLANG_ANALYZER_NONNULL = YES;
				CLANG_ANALYZER_NUMBER_OBJECT_CONVERSION = YES_AGGRESSIVE;
				CLANG_CXX_LANGUAGE_STANDARD = "gnu++20";
				CLANG_ENABLE_MODULES = YES;
				CLANG_ENABLE_OBJC_ARC = YES;
				CLANG_ENABLE_OBJC_WEAK = YES;
				CLANG_WARN_BLOCK_CAPTURE_AUTORELEASING = YES;
				CLANG_WARN_BOOL_CONVERSION = YES;
				CLANG_WARN_COMMA = YES;
				CLANG_WARN_CONSTANT_CONVERSION = YES;
				CLANG_WARN_DEPRECATED_OBJC_IMPLEMENTATIONS = YES;
				CLANG_WARN_DIRECT_OBJC_ISA_USAGE = YES_ERROR;
				CLANG_WARN_DOCUMENTATION_COMMENTS = YES;
				CLANG_WARN_EMPTY_BODY = YES;
				CLANG_WARN_ENUM_CONVERSION = YES;
				CLANG_WARN_INFINITE_RECURSION = YES;
				CLANG_WARN_INT_CONVERSION = YES;
				CLANG_WARN_NON_LITERAL_NULL_CONVERSION = YES;
				CLANG_WARN_OBJC_IMPLICIT_RETAIN_SELF = YES;
				CLANG_WARN_OBJC_LITERAL_CONVERSION = YES;
				CLANG_WARN_OBJC_ROOT_CLASS = YES_ERROR;
				CLANG_WARN_QUOTED_INCLUDE_IN_FRAMEWORK_HEADER = YES;
				CLANG_WARN_RANGE_LOOP_ANALYSIS = YES;
				CLANG_WARN_STRICT_PROTOTYPES = YES;
				CLANG_WARN_SUSPICIOUS_MOVE = YES;
				CLANG_WARN_UNGUARDED_AVAILABILITY = YES_AGGRESSIVE;
				CLANG_WARN_UNREACHABLE_CODE = YES;
				CLANG_WARN__DUPLICATE_METHOD_MATCH = YES;
				COPY_PHASE_STRIP = NO;
				DEBUG_INFORMATION_FORMAT = dwarf;
				ENABLE_STRICT_OBJC_MSGSEND = YES;
				ENABLE_TESTABILITY = YES;
				GCC_C_LANGUAGE_STANDARD = gnu11;
				GCC_DYNAMIC_NO_PIC = NO;
				GCC_NO_COMMON_BLOCKS = YES;
				GCC_OPTIMIZATION_LEVEL = 0;
				GCC_PREPROCESSOR_DEFINITIONS = (
					"DEBUG=1",
					"$(inherited)",
				);
				GCC_WARN_64_TO_32_BIT_CONVERSION = YES;
				GCC_WARN_ABOUT_RETURN_TYPE = YES_ERROR;
				GCC_WARN_UNDECLARED_SELECTOR = YES;
				GCC_WARN_UNINITIALIZED_AUTOS = YES_AGGRESSIVE;
				GCC_WARN_UNUSED_FUNCTION = YES;
				GCC_WARN_UNUSED_VARIABLE = YES;
				IPHONEOS_DEPLOYMENT_TARGET = 16.4;
				MTL_ENABLE_DEBUG_INFO = INCLUDE_SOURCE;
				MTL_FAST_MATH = YES;
				ONLY_ACTIVE_ARCH = YES;
				SDKROOT = iphoneos;
				SWIFT_ACTIVE_COMPILATION_CONDITIONS = DEBUG;
				SWIFT_OPTIMIZATION_LEVEL = "-Onone";
			};
			name = Debug;
		};
		2380FB2F2AB9E6B400B31754 /* Release */ = {
			isa = XCBuildConfiguration;
			buildSettings = {
				ALWAYS_SEARCH_USER_PATHS = NO;
				CLANG_ANALYZER_LOCALIZABILITY_NONLOCALIZED = YES;
				CLANG_ANALYZER_NONNULL = YES;
				CLANG_ANALYZER_NUMBER_OBJECT_CONVERSION = YES_AGGRESSIVE;
				CLANG_CXX_LANGUAGE_STANDARD = "gnu++20";
				CLANG_ENABLE_MODULES = YES;
				CLANG_ENABLE_OBJC_ARC = YES;
				CLANG_ENABLE_OBJC_WEAK = YES;
				CLANG_WARN_BLOCK_CAPTURE_AUTORELEASING = YES;
				CLANG_WARN_BOOL_CONVERSION = YES;
				CLANG_WARN_COMMA = YES;
				CLANG_WARN_CONSTANT_CONVERSION = YES;
				CLANG_WARN_DEPRECATED_OBJC_IMPLEMENTATIONS = YES;
				CLANG_WARN_DIRECT_OBJC_ISA_USAGE = YES_ERROR;
				CLANG_WARN_DOCUMENTATION_COMMENTS = YES;
				CLANG_WARN_EMPTY_BODY = YES;
				CLANG_WARN_ENUM_CONVERSION = YES;
				CLANG_WARN_INFINITE_RECURSION = YES;
				CLANG_WARN_INT_CONVERSION = YES;
				CLANG_WARN_NON_LITERAL_NULL_CONVERSION = YES;
				CLANG_WARN_OBJC_IMPLICIT_RETAIN_SELF = YES;
				CLANG_WARN_OBJC_LITERAL_CONVERSION = YES;
				CLANG_WARN_OBJC_ROOT_CLASS = YES_ERROR;
				CLANG_WARN_QUOTED_INCLUDE_IN_FRAMEWORK_HEADER = YES;
				CLANG_WARN_RANGE_LOOP_ANALYSIS = YES;
				CLANG_WARN_STRICT_PROTOTYPES = YES;
				CLANG_WARN_SUSPICIOUS_MOVE = YES;
				CLANG_WARN_UNGUARDED_AVAILABILITY = YES_AGGRESSIVE;
				CLANG_WARN_UNREACHABLE_CODE = YES;
				CLANG_WARN__DUPLICATE_METHOD_MATCH = YES;
				COPY_PHASE_STRIP = NO;
				DEBUG_INFORMATION_FORMAT = "dwarf-with-dsym";
				ENABLE_NS_ASSERTIONS = NO;
				ENABLE_STRICT_OBJC_MSGSEND = YES;
				GCC_C_LANGUAGE_STANDARD = gnu11;
				GCC_NO_COMMON_BLOCKS = YES;
				GCC_WARN_64_TO_32_BIT_CONVERSION = YES;
				GCC_WARN_ABOUT_RETURN_TYPE = YES_ERROR;
				GCC_WARN_UNDECLARED_SELECTOR = YES;
				GCC_WARN_UNINITIALIZED_AUTOS = YES_AGGRESSIVE;
				GCC_WARN_UNUSED_FUNCTION = YES;
				GCC_WARN_UNUSED_VARIABLE = YES;
				IPHONEOS_DEPLOYMENT_TARGET = 16.4;
				MTL_ENABLE_DEBUG_INFO = NO;
				MTL_FAST_MATH = YES;
				SDKROOT = iphoneos;
				SWIFT_COMPILATION_MODE = wholemodule;
				SWIFT_OPTIMIZATION_LEVEL = "-O";
				VALIDATE_PRODUCT = YES;
			};
			name = Release;
		};
		2380FB312AB9E6B400B31754 /* Debug */ = {
			isa = XCBuildConfiguration;
			buildSettings = {
				ASSETCATALOG_COMPILER_APPICON_NAME = AppIcon;
				ASSETCATALOG_COMPILER_GLOBAL_ACCENT_COLOR_NAME = AccentColor;
				CODE_SIGN_STYLE = Automatic;
				CURRENT_PROJECT_VERSION = 1;
				DEVELOPMENT_TEAM = XG2N7C4BNF;
				GENERATE_INFOPLIST_FILE = YES;
				INFOPLIST_FILE = GoorumMode/Info.plist;
				INFOPLIST_KEY_UIApplicationSupportsIndirectInputEvents = YES;
				INFOPLIST_KEY_UILaunchStoryboardName = LaunchScreen;
				INFOPLIST_KEY_UISupportedInterfaceOrientations = UIInterfaceOrientationPortrait;
				INFOPLIST_KEY_UISupportedInterfaceOrientations_iPad = "UIInterfaceOrientationLandscapeLeft UIInterfaceOrientationLandscapeRight UIInterfaceOrientationPortrait UIInterfaceOrientationPortraitUpsideDown";
				IPHONEOS_DEPLOYMENT_TARGET = 16.0;
				LD_RUNPATH_SEARCH_PATHS = (
					"$(inherited)",
					"@executable_path/Frameworks",
				);
				MARKETING_VERSION = 1.0;
				PRODUCT_BUNDLE_IDENTIFIER = com.dory.GoorumMode;
				PRODUCT_NAME = "$(TARGET_NAME)";
				SUPPORTED_PLATFORMS = "iphoneos iphonesimulator";
				SUPPORTS_MACCATALYST = NO;
				SUPPORTS_MAC_DESIGNED_FOR_IPHONE_IPAD = NO;
				SWIFT_EMIT_LOC_STRINGS = YES;
				SWIFT_VERSION = 5.0;
				TARGETED_DEVICE_FAMILY = 1;
			};
			name = Debug;
		};
		2380FB322AB9E6B400B31754 /* Release */ = {
			isa = XCBuildConfiguration;
			buildSettings = {
				ASSETCATALOG_COMPILER_APPICON_NAME = AppIcon;
				ASSETCATALOG_COMPILER_GLOBAL_ACCENT_COLOR_NAME = AccentColor;
				CODE_SIGN_STYLE = Automatic;
				CURRENT_PROJECT_VERSION = 1;
				DEVELOPMENT_TEAM = XG2N7C4BNF;
				GENERATE_INFOPLIST_FILE = YES;
				INFOPLIST_FILE = GoorumMode/Info.plist;
				INFOPLIST_KEY_UIApplicationSupportsIndirectInputEvents = YES;
				INFOPLIST_KEY_UILaunchStoryboardName = LaunchScreen;
				INFOPLIST_KEY_UISupportedInterfaceOrientations = UIInterfaceOrientationPortrait;
				INFOPLIST_KEY_UISupportedInterfaceOrientations_iPad = "UIInterfaceOrientationLandscapeLeft UIInterfaceOrientationLandscapeRight UIInterfaceOrientationPortrait UIInterfaceOrientationPortraitUpsideDown";
				IPHONEOS_DEPLOYMENT_TARGET = 16.0;
				LD_RUNPATH_SEARCH_PATHS = (
					"$(inherited)",
					"@executable_path/Frameworks",
				);
				MARKETING_VERSION = 1.0;
				PRODUCT_BUNDLE_IDENTIFIER = com.dory.GoorumMode;
				PRODUCT_NAME = "$(TARGET_NAME)";
				SUPPORTED_PLATFORMS = "iphoneos iphonesimulator";
				SUPPORTS_MACCATALYST = NO;
				SUPPORTS_MAC_DESIGNED_FOR_IPHONE_IPAD = NO;
				SWIFT_EMIT_LOC_STRINGS = YES;
				SWIFT_VERSION = 5.0;
				TARGETED_DEVICE_FAMILY = 1;
			};
			name = Release;
		};
/* End XCBuildConfiguration section */

/* Begin XCConfigurationList section */
		2380FB172AB9E6B100B31754 /* Build configuration list for PBXProject "GoorumMode" */ = {
			isa = XCConfigurationList;
			buildConfigurations = (
				2380FB2E2AB9E6B400B31754 /* Debug */,
				2380FB2F2AB9E6B400B31754 /* Release */,
			);
			defaultConfigurationIsVisible = 0;
			defaultConfigurationName = Release;
		};
		2380FB302AB9E6B400B31754 /* Build configuration list for PBXNativeTarget "GoorumMode" */ = {
			isa = XCConfigurationList;
			buildConfigurations = (
				2380FB312AB9E6B400B31754 /* Debug */,
				2380FB322AB9E6B400B31754 /* Release */,
			);
			defaultConfigurationIsVisible = 0;
			defaultConfigurationName = Release;
		};
/* End XCConfigurationList section */

/* Begin XCRemoteSwiftPackageReference section */
		23C6E42E2ADFFB6E000EC0BF /* XCRemoteSwiftPackageReference "Toast-Swift" */ = {
			isa = XCRemoteSwiftPackageReference;
			repositoryURL = "https://github.com/scalessec/Toast-Swift.git";
			requirement = {
				kind = upToNextMajorVersion;
				minimumVersion = 5.0.0;
			};
		};
		23DD9A222AC2EC8800D6BBB5 /* XCRemoteSwiftPackageReference "SnapKit" */ = {
			isa = XCRemoteSwiftPackageReference;
			repositoryURL = "https://github.com/SnapKit/SnapKit.git";
			requirement = {
				kind = upToNextMajorVersion;
				minimumVersion = 5.0.0;
			};
		};
		23DD9A2F2AC4721000D6BBB5 /* XCRemoteSwiftPackageReference "realm-swift" */ = {
			isa = XCRemoteSwiftPackageReference;
			repositoryURL = "https://github.com/realm/realm-swift.git";
			requirement = {
				kind = exactVersion;
				version = 10.42.4;
			};
		};
		23DD9A9E2AD18CB000D6BBB5 /* XCRemoteSwiftPackageReference "FSCalendar" */ = {
			isa = XCRemoteSwiftPackageReference;
			repositoryURL = "https://github.com/WenchaoD/FSCalendar.git";
			requirement = {
				kind = upToNextMajorVersion;
				minimumVersion = 2.0.0;
			};
		};
		23E7665F2AD81F58008AC3A4 /* XCRemoteSwiftPackageReference "Charts" */ = {
			isa = XCRemoteSwiftPackageReference;
			repositoryURL = "https://github.com/danielgindi/Charts.git";
			requirement = {
				kind = upToNextMajorVersion;
				minimumVersion = 5.0.0;
			};
		};
/* End XCRemoteSwiftPackageReference section */

/* Begin XCSwiftPackageProductDependency section */
		23C6E42F2ADFFB6E000EC0BF /* Toast */ = {
			isa = XCSwiftPackageProductDependency;
			package = 23C6E42E2ADFFB6E000EC0BF /* XCRemoteSwiftPackageReference "Toast-Swift" */;
			productName = Toast;
		};
		23DD9A232AC2EC8800D6BBB5 /* SnapKit */ = {
			isa = XCSwiftPackageProductDependency;
			package = 23DD9A222AC2EC8800D6BBB5 /* XCRemoteSwiftPackageReference "SnapKit" */;
			productName = SnapKit;
		};
		23DD9A302AC4721000D6BBB5 /* Realm */ = {
			isa = XCSwiftPackageProductDependency;
			package = 23DD9A2F2AC4721000D6BBB5 /* XCRemoteSwiftPackageReference "realm-swift" */;
			productName = Realm;
		};
		23DD9A322AC4721000D6BBB5 /* RealmSwift */ = {
			isa = XCSwiftPackageProductDependency;
			package = 23DD9A2F2AC4721000D6BBB5 /* XCRemoteSwiftPackageReference "realm-swift" */;
			productName = RealmSwift;
		};
		23DD9A9F2AD18CB000D6BBB5 /* FSCalendar */ = {
			isa = XCSwiftPackageProductDependency;
			package = 23DD9A9E2AD18CB000D6BBB5 /* XCRemoteSwiftPackageReference "FSCalendar" */;
			productName = FSCalendar;
		};
		23E766602AD81F58008AC3A4 /* DGCharts */ = {
			isa = XCSwiftPackageProductDependency;
			package = 23E7665F2AD81F58008AC3A4 /* XCRemoteSwiftPackageReference "Charts" */;
			productName = DGCharts;
		};
/* End XCSwiftPackageProductDependency section */
	};
	rootObject = 2380FB142AB9E6B100B31754 /* Project object */;
}
